
Microsoft Visual Studio Solution File, Format Version 12.00
# Visual Studio Version 17
VisualStudioVersion = 17.8.35230.98
MinimumVisualStudioVersion = 10.0.40219.1
Project("{9A19103F-16F7-4668-BE54-9A1E7A4F7556}") = "backend", "backend.csproj", "{D66A2A04-0C89-42C7-8A0B-26E8D1F9FCA7}"
EndProject
Project("{FAE04EC0-301F-11D3-BF4B-00C04F79EFBC}") = "BL", "..\BL\BL.csproj", "{BD347655-CE5F-412E-9A6E-D43A76B84BB3}"
EndProject
Project("{FAE04EC0-301F-11D3-BF4B-00C04F79EFBC}") = "DAL", "..\DAL\DAL.csproj", "{A44F4235-232E-47C9-8E42-CA12B933644D}"
EndProject
Global
	GlobalSection(SolutionConfigurationPlatforms) = preSolution
		Debug|Any CPU = Debug|Any CPU
		Release|Any CPU = Release|Any CPU
	EndGlobalSection
	GlobalSection(ProjectConfigurationPlatforms) = postSolution
		{D66A2A04-0C89-42C7-8A0B-26E8D1F9FCA7}.Debug|Any CPU.ActiveCfg = Debug|Any CPU
		{D66A2A04-0C89-42C7-8A0B-26E8D1F9FCA7}.Debug|Any CPU.Build.0 = Debug|Any CPU
		{D66A2A04-0C89-42C7-8A0B-26E8D1F9FCA7}.Release|Any CPU.ActiveCfg = Release|Any CPU
		{D66A2A04-0C89-42C7-8A0B-26E8D1F9FCA7}.Release|Any CPU.Build.0 = Release|Any CPU
		{BD347655-CE5F-412E-9A6E-D43A76B84BB3}.Debug|Any CPU.ActiveCfg = Debug|Any CPU
		{BD347655-CE5F-412E-9A6E-D43A76B84BB3}.Debug|Any CPU.Build.0 = Debug|Any CPU
		{BD347655-CE5F-412E-9A6E-D43A76B84BB3}.Release|Any CPU.ActiveCfg = Release|Any CPU
		{BD347655-CE5F-412E-9A6E-D43A76B84BB3}.Release|Any CPU.Build.0 = Release|Any CPU
		{A44F4235-232E-47C9-8E42-CA12B933644D}.Debug|Any CPU.ActiveCfg = Debug|Any CPU
		{A44F4235-232E-47C9-8E42-CA12B933644D}.Debug|Any CPU.Build.0 = Debug|Any CPU
		{A44F4235-232E-47C9-8E42-CA12B933644D}.Release|Any CPU.ActiveCfg = Release|Any CPU
		{A44F4235-232E-47C9-8E42-CA12B933644D}.Release|Any CPU.Build.0 = Release|Any CPU
	EndGlobalSection
	GlobalSection(SolutionProperties) = preSolution
		HideSolutionNode = FALSE
	EndGlobalSection
	GlobalSection(ExtensibilityGlobals) = postSolution
		SolutionGuid = {050806E5-87BF-426E-B1F3-C88943D34A39}
	EndGlobalSection
EndGlobal
